// !$*UTF8*$!
{
	archiveVersion = 1;
	classes = {
	};
	objectVersion = 56;
	objects = {

/* Begin PBXBuildFile section */
		3874D6D62C6A4E0C00EA137D /* AppDelegate.swift in Sources */ = {isa = PBXBuildFile; fileRef = 3874D6D52C6A4E0C00EA137D /* AppDelegate.swift */; };
		3874D6D82C6A4E0C00EA137D /* SceneDelegate.swift in Sources */ = {isa = PBXBuildFile; fileRef = 3874D6D72C6A4E0C00EA137D /* SceneDelegate.swift */; };
		3874D6DA2C6A4E0C00EA137D /* ViewController.swift in Sources */ = {isa = PBXBuildFile; fileRef = 3874D6D92C6A4E0C00EA137D /* ViewController.swift */; };
		3874D6DD2C6A4E0D00EA137D /* Main.storyboard in Resources */ = {isa = PBXBuildFile; fileRef = 3874D6DB2C6A4E0D00EA137D /* Main.storyboard */; };
		3874D6E02C6A4E0D00EA137D /* firstapp.xcdatamodeld in Sources */ = {isa = PBXBuildFile; fileRef = 3874D6DE2C6A4E0D00EA137D /* firstapp.xcdatamodeld */; };
		3874D6E22C6A4E1A00EA137D /* Assets.xcassets in Resources */ = {isa = PBXBuildFile; fileRef = 3874D6E12C6A4E1A00EA137D /* Assets.xcassets */; };
		3874D6E52C6A4E1A00EA137D /* LaunchScreen.storyboard in Resources */ = {isa = PBXBuildFile; fileRef = 3874D6E32C6A4E1A00EA137D /* LaunchScreen.storyboard */; };
		3874D6F02C6A4E1B00EA137D /* firstappTests.swift in Sources */ = {isa = PBXBuildFile; fileRef = 3874D6EF2C6A4E1B00EA137D /* firstappTests.swift */; };
		3874D6FA2C6A4E1B00EA137D /* firstappUITests.swift in Sources */ = {isa = PBXBuildFile; fileRef = 3874D6F92C6A4E1B00EA137D /* firstappUITests.swift */; };
		3874D6FC2C6A4E1B00EA137D /* firstappUITestsLaunchTests.swift in Sources */ = {isa = PBXBuildFile; fileRef = 3874D6FB2C6A4E1B00EA137D /* firstappUITestsLaunchTests.swift */; };
/* End PBXBuildFile section */

/* Begin PBXContainerItemProxy section */
		3874D6EC2C6A4E1B00EA137D /* PBXContainerItemProxy */ = {
			isa = PBXContainerItemProxy;
			containerPortal = 3874D6CA2C6A4E0B00EA137D /* Project object */;
			proxyType = 1;
			remoteGlobalIDString = 3874D6D12C6A4E0C00EA137D;
			remoteInfo = firstapp;
		};
		3874D6F62C6A4E1B00EA137D /* PBXContainerItemProxy */ = {
			isa = PBXContainerItemProxy;
			containerPortal = 3874D6CA2C6A4E0B00EA137D /* Project object */;
			proxyType = 1;
			remoteGlobalIDString = 3874D6D12C6A4E0C00EA137D;
			remoteInfo = firstapp;
		};
/* End PBXContainerItemProxy section */

/* Begin PBXFileReference section */
		3874D6D22C6A4E0C00EA137D /* firstapp.app */ = {isa = PBXFileReference; explicitFileType = wrapper.application; includeInIndex = 0; path = firstapp.app; sourceTree = BUILT_PRODUCTS_DIR; };
		3874D6D52C6A4E0C00EA137D /* AppDelegate.swift */ = {isa = PBXFileReference; lastKnownFileType = sourcecode.swift; path = AppDelegate.swift; sourceTree = "<group>"; };
		3874D6D72C6A4E0C00EA137D /* SceneDelegate.swift */ = {isa = PBXFileReference; lastKnownFileType = sourcecode.swift; path = SceneDelegate.swift; sourceTree = "<group>"; };
		3874D6D92C6A4E0C00EA137D /* ViewController.swift */ = {isa = PBXFileReference; lastKnownFileType = sourcecode.swift; path = ViewController.swift; sourceTree = "<group>"; };
		3874D6DC2C6A4E0D00EA137D /* Base */ = {isa = PBXFileReference; lastKnownFileType = file.storyboard; name = Base; path = Base.lproj/Main.storyboard; sourceTree = "<group>"; };
		3874D6DF2C6A4E0D00EA137D /* firstapp.xcdatamodel */ = {isa = PBXFileReference; lastKnownFileType = wrapper.xcdatamodel; path = firstapp.xcdatamodel; sourceTree = "<group>"; };
		3874D6E12C6A4E1A00EA137D /* Assets.xcassets */ = {isa = PBXFileReference; lastKnownFileType = folder.assetcatalog; path = Assets.xcassets; sourceTree = "<group>"; };
		3874D6E42C6A4E1A00EA137D /* Base */ = {isa = PBXFileReference; lastKnownFileType = file.storyboard; name = Base; path = Base.lproj/LaunchScreen.storyboard; sourceTree = "<group>"; };
		3874D6E62C6A4E1A00EA137D /* Info.plist */ = {isa = PBXFileReference; lastKnownFileType = text.plist.xml; path = Info.plist; sourceTree = "<group>"; };
		3874D6EB2C6A4E1B00EA137D /* firstappTests.xctest */ = {isa = PBXFileReference; explicitFileType = wrapper.cfbundle; includeInIndex = 0; path = firstappTests.xctest; sourceTree = BUILT_PRODUCTS_DIR; };
		3874D6EF2C6A4E1B00EA137D /* firstappTests.swift */ = {isa = PBXFileReference; lastKnownFileType = sourcecode.swift; path = firstappTests.swift; sourceTree = "<group>"; };
		3874D6F52C6A4E1B00EA137D /* firstappUITests.xctest */ = {isa = PBXFileReference; explicitFileType = wrapper.cfbundle; includeInIndex = 0; path = firstappUITests.xctest; sourceTree = BUILT_PRODUCTS_DIR; };
		3874D6F92C6A4E1B00EA137D /* firstappUITests.swift */ = {isa = PBXFileReference; lastKnownFileType = sourcecode.swift; path = firstappUITests.swift; sourceTree = "<group>"; };
		3874D6FB2C6A4E1B00EA137D /* firstappUITestsLaunchTests.swift */ = {isa = PBXFileReference; lastKnownFileType = sourcecode.swift; path = firstappUITestsLaunchTests.swift; sourceTree = "<group>"; };
/* End PBXFileReference section */

/* Begin PBXFrameworksBuildPhase section */
		3874D6CF2C6A4E0C00EA137D /* Frameworks */ = {
			isa = PBXFrameworksBuildPhase;
			buildActionMask = 2147483647;
			files = (
			);
			runOnlyForDeploymentPostprocessing = 0;
		};
		3874D6E82C6A4E1B00EA137D /* Frameworks */ = {
			isa = PBXFrameworksBuildPhase;
			buildActionMask = 2147483647;
			files = (
			);
			runOnlyForDeploymentPostprocessing = 0;
		};
		3874D6F22C6A4E1B00EA137D /* Frameworks */ = {
			isa = PBXFrameworksBuildPhase;
			buildActionMask = 2147483647;
			files = (
			);
			runOnlyForDeploymentPostprocessing = 0;
		};
/* End PBXFrameworksBuildPhase section */

/* Begin PBXGroup section */
		3874D6C92C6A4E0B00EA137D = {
			isa = PBXGroup;
			children = (
				3874D6D42C6A4E0C00EA137D /* firstapp */,
				3874D6EE2C6A4E1B00EA137D /* firstappTests */,
				3874D6F82C6A4E1B00EA137D /* firstappUITests */,
				3874D6D32C6A4E0C00EA137D /* Products */,
			);
			sourceTree = "<group>";
		};
		3874D6D32C6A4E0C00EA137D /* Products */ = {
			isa = PBXGroup;
			children = (
				3874D6D22C6A4E0C00EA137D /* firstapp.app */,
				3874D6EB2C6A4E1B00EA137D /* firstappTests.xctest */,
				3874D6F52C6A4E1B00EA137D /* firstappUITests.xctest */,
			);
			name = Products;
			sourceTree = "<group>";
		};
		3874D6D42C6A4E0C00EA137D /* firstapp */ = {
			isa = PBXGroup;
			children = (
				3874D6D52C6A4E0C00EA137D /* AppDelegate.swift */,
				3874D6D72C6A4E0C00EA137D /* SceneDelegate.swift */,
				3874D6D92C6A4E0C00EA137D /* ViewController.swift */,
				3874D6DB2C6A4E0D00EA137D /* Main.storyboard */,
				3874D6E12C6A4E1A00EA137D /* Assets.xcassets */,
				3874D6E32C6A4E1A00EA137D /* LaunchScreen.storyboard */,
				3874D6E62C6A4E1A00EA137D /* Info.plist */,
				3874D6DE2C6A4E0D00EA137D /* firstapp.xcdatamodeld */,
			);
			path = firstapp;
			sourceTree = "<group>";
		};
		3874D6EE2C6A4E1B00EA137D /* firstappTests */ = {
			isa = PBXGroup;
			children = (
				3874D6EF2C6A4E1B00EA137D /* firstappTests.swift */,
			);
			path = firstappTests;
			sourceTree = "<group>";
		};
		3874D6F82C6A4E1B00EA137D /* firstappUITests */ = {
			isa = PBXGroup;
			children = (
				3874D6F92C6A4E1B00EA137D /* firstappUITests.swift */,
				3874D6FB2C6A4E1B00EA137D /* firstappUITestsLaunchTests.swift */,
			);
			path = firstappUITests;
			sourceTree = "<group>";
		};
/* End PBXGroup section */

/* Begin PBXNativeTarget section */
		3874D6D12C6A4E0C00EA137D /* firstapp */ = {
			isa = PBXNativeTarget;
			buildConfigurationList = 3874D6FF2C6A4E1B00EA137D /* Build configuration list for PBXNativeTarget "firstapp" */;
			buildPhases = (
				3874D6CE2C6A4E0C00EA137D /* Sources */,
				3874D6CF2C6A4E0C00EA137D /* Frameworks */,
				3874D6D02C6A4E0C00EA137D /* Resources */,
			);
			buildRules = (
			);
			dependencies = (
			);
			name = firstapp;
			productName = firstapp;
			productReference = 3874D6D22C6A4E0C00EA137D /* firstapp.app */;
			productType = "com.apple.product-type.application";
		};
		3874D6EA2C6A4E1B00EA137D /* firstappTests */ = {
			isa = PBXNativeTarget;
			buildConfigurationList = 3874D7022C6A4E1B00EA137D /* Build configuration list for PBXNativeTarget "firstappTests" */;
			buildPhases = (
				3874D6E72C6A4E1B00EA137D /* Sources */,
				3874D6E82C6A4E1B00EA137D /* Frameworks */,
				3874D6E92C6A4E1B00EA137D /* Resources */,
			);
			buildRules = (
			);
			dependencies = (
				3874D6ED2C6A4E1B00EA137D /* PBXTargetDependency */,
			);
			name = firstappTests;
			productName = firstappTests;
			productReference = 3874D6EB2C6A4E1B00EA137D /* firstappTests.xctest */;
			productType = "com.apple.product-type.bundle.unit-test";
		};
		3874D6F42C6A4E1B00EA137D /* firstappUITests */ = {
			isa = PBXNativeTarget;
			buildConfigurationList = 3874D7052C6A4E1B00EA137D /* Build configuration list for PBXNativeTarget "firstappUITests" */;
			buildPhases = (
				3874D6F12C6A4E1B00EA137D /* Sources */,
				3874D6F22C6A4E1B00EA137D /* Frameworks */,
				3874D6F32C6A4E1B00EA137D /* Resources */,
			);
			buildRules = (
			);
			dependencies = (
				3874D6F72C6A4E1B00EA137D /* PBXTargetDependency */,
			);
			name = firstappUITests;
			productName = firstappUITests;
			productReference = 3874D6F52C6A4E1B00EA137D /* firstappUITests.xctest */;
			productType = "com.apple.product-type.bundle.ui-testing";
		};
/* End PBXNativeTarget section */

/* Begin PBXProject section */
		3874D6CA2C6A4E0B00EA137D /* Project object */ = {
			isa = PBXProject;
			attributes = {
				BuildIndependentTargetsInParallel = 1;
				LastSwiftUpdateCheck = 1520;
				LastUpgradeCheck = 1520;
				TargetAttributes = {
					3874D6D12C6A4E0C00EA137D = {
						CreatedOnToolsVersion = 15.2;
					};
					3874D6EA2C6A4E1B00EA137D = {
						CreatedOnToolsVersion = 15.2;
						TestTargetID = 3874D6D12C6A4E0C00EA137D;
					};
					3874D6F42C6A4E1B00EA137D = {
						CreatedOnToolsVersion = 15.2;
						TestTargetID = 3874D6D12C6A4E0C00EA137D;
					};
				};
			};
			buildConfigurationList = 3874D6CD2C6A4E0B00EA137D /* Build configuration list for PBXProject "firstapp" */;
			compatibilityVersion = "Xcode 14.0";
			developmentRegion = en;
			hasScannedForEncodings = 0;
			knownRegions = (
				en,
				Base,
			);
			mainGroup = 3874D6C92C6A4E0B00EA137D;
			productRefGroup = 3874D6D32C6A4E0C00EA137D /* Products */;
			projectDirPath = "";
			projectRoot = "";
			targets = (
				3874D6D12C6A4E0C00EA137D /* firstapp */,
				3874D6EA2C6A4E1B00EA137D /* firstappTests */,
				3874D6F42C6A4E1B00EA137D /* firstappUITests */,
			);
		};
/* End PBXProject section */

/* Begin PBXResourcesBuildPhase section */
		3874D6D02C6A4E0C00EA137D /* Resources */ = {
			isa = PBXResourcesBuildPhase;
			buildActionMask = 2147483647;
			files = (
				3874D6E52C6A4E1A00EA137D /* LaunchScreen.storyboard in Resources */,
				3874D6E22C6A4E1A00EA137D /* Assets.xcassets in Resources */,
				3874D6DD2C6A4E0D00EA137D /* Main.storyboard in Resources */,
			);
			runOnlyForDeploymentPostprocessing = 0;
		};
		3874D6E92C6A4E1B00EA137D /* Resources */ = {
			isa = PBXResourcesBuildPhase;
			buildActionMask = 2147483647;
			files = (
			);
			runOnlyForDeploymentPostprocessing = 0;
		};
		3874D6F32C6A4E1B00EA137D /* Resources */ = {
			isa = PBXResourcesBuildPhase;
			buildActionMask = 2147483647;
			files = (
			);
			runOnlyForDeploymentPostprocessing = 0;
		};
/* End PBXResourcesBuildPhase section */

/* Begin PBXSourcesBuildPhase section */
		3874D6CE2C6A4E0C00EA137D /* Sources */ = {
			isa = PBXSourcesBuildPhase;
			buildActionMask = 2147483647;
			files = (
				3874D6DA2C6A4E0C00EA137D /* ViewController.swift in Sources */,
				3874D6D62C6A4E0C00EA137D /* AppDelegate.swift in Sources */,
				3874D6E02C6A4E0D00EA137D /* firstapp.xcdatamodeld in Sources */,
				3874D6D82C6A4E0C00EA137D /* SceneDelegate.swift in Sources */,
			);
			runOnlyForDeploymentPostprocessing = 0;
		};
		3874D6E72C6A4E1B00EA137D /* Sources */ = {
			isa = PBXSourcesBuildPhase;
			buildActionMask = 2147483647;
			files = (
				3874D6F02C6A4E1B00EA137D /* firstappTests.swift in Sources */,
			);
			runOnlyForDeploymentPostprocessing = 0;
		};
		3874D6F12C6A4E1B00EA137D /* Sources */ = {
			isa = PBXSourcesBuildPhase;
			buildActionMask = 2147483647;
			files = (
				3874D6FC2C6A4E1B00EA137D /* firstappUITestsLaunchTests.swift in Sources */,
				3874D6FA2C6A4E1B00EA137D /* firstappUITests.swift in Sources */,
			);
			runOnlyForDeploymentPostprocessing = 0;
		};
/* End PBXSourcesBuildPhase section */

/* Begin PBXTargetDependency section */
		3874D6ED2C6A4E1B00EA137D /* PBXTargetDependency */ = {
			isa = PBXTargetDependency;
			target = 3874D6D12C6A4E0C00EA137D /* firstapp */;
			targetProxy = 3874D6EC2C6A4E1B00EA137D /* PBXContainerItemProxy */;
		};
		3874D6F72C6A4E1B00EA137D /* PBXTargetDependency */ = {
			isa = PBXTargetDependency;
			target = 3874D6D12C6A4E0C00EA137D /* firstapp */;
			targetProxy = 3874D6F62C6A4E1B00EA137D /* PBXContainerItemProxy */;
		};
/* End PBXTargetDependency section */

/* Begin PBXVariantGroup section */
		3874D6DB2C6A4E0D00EA137D /* Main.storyboard */ = {
			isa = PBXVariantGroup;
			children = (
				3874D6DC2C6A4E0D00EA137D /* Base */,
			);
			name = Main.storyboard;
			sourceTree = "<group>";
		};
		3874D6E32C6A4E1A00EA137D /* LaunchScreen.storyboard */ = {
			isa = PBXVariantGroup;
			children = (
				3874D6E42C6A4E1A00EA137D /* Base */,
			);
			name = LaunchScreen.storyboard;
			sourceTree = "<group>";
		};
/* End PBXVariantGroup section */

/* Begin XCBuildConfiguration section */
		3874D6FD2C6A4E1B00EA137D /* Debug */ = {
			isa = XCBuildConfiguration;
			buildSettings = {
				ALWAYS_SEARCH_USER_PATHS = NO;
				ASSETCATALOG_COMPILER_GENERATE_SWIFT_ASSET_SYMBOL_EXTENSIONS = YES;
				CLANG_ANALYZER_NONNULL = YES;
				CLANG_ANALYZER_NUMBER_OBJECT_CONVERSION = YES_AGGRESSIVE;
				CLANG_CXX_LANGUAGE_STANDARD = "gnu++20";
				CLANG_ENABLE_MODULES = YES;
				CLANG_ENABLE_OBJC_ARC = YES;
				CLANG_ENABLE_OBJC_WEAK = YES;
				CLANG_WARN_BLOCK_CAPTURE_AUTORELEASING = YES;
				CLANG_WARN_BOOL_CONVERSION = YES;
				CLANG_WARN_COMMA = YES;
				CLANG_WARN_CONSTANT_CONVERSION = YES;
				CLANG_WARN_DEPRECATED_OBJC_IMPLEMENTATIONS = YES;
				CLANG_WARN_DIRECT_OBJC_ISA_USAGE = YES_ERROR;
				CLANG_WARN_DOCUMENTATION_COMMENTS = YES;
				CLANG_WARN_EMPTY_BODY = YES;
				CLANG_WARN_ENUM_CONVERSION = YES;
				CLANG_WARN_INFINITE_RECURSION = YES;
				CLANG_WARN_INT_CONVERSION = YES;
				CLANG_WARN_NON_LITERAL_NULL_CONVERSION = YES;
				CLANG_WARN_OBJC_IMPLICIT_RETAIN_SELF = YES;
				CLANG_WARN_OBJC_LITERAL_CONVERSION = YES;
				CLANG_WARN_OBJC_ROOT_CLASS = YES_ERROR;
				CLANG_WARN_QUOTED_INCLUDE_IN_FRAMEWORK_HEADER = YES;
				CLANG_WARN_RANGE_LOOP_ANALYSIS = YES;
				CLANG_WARN_STRICT_PROTOTYPES = YES;
				CLANG_WARN_SUSPICIOUS_MOVE = YES;
				CLANG_WARN_UNGUARDED_AVAILABILITY = YES_AGGRESSIVE;
				CLANG_WARN_UNREACHABLE_CODE = YES;
				CLANG_WARN__DUPLICATE_METHOD_MATCH = YES;
				COPY_PHASE_STRIP = NO;
				DEBUG_INFORMATION_FORMAT = dwarf;
				ENABLE_STRICT_OBJC_MSGSEND = YES;
				ENABLE_TESTABILITY = YES;
				ENABLE_USER_SCRIPT_SANDBOXING = YES;
				GCC_C_LANGUAGE_STANDARD = gnu17;
				GCC_DYNAMIC_NO_PIC = NO;
				GCC_NO_COMMON_BLOCKS = YES;
				GCC_OPTIMIZATION_LEVEL = 0;
				GCC_PREPROCESSOR_DEFINITIONS = (
					"DEBUG=1",
					"$(inherited)",
				);
				GCC_WARN_64_TO_32_BIT_CONVERSION = YES;
				GCC_WARN_ABOUT_RETURN_TYPE = YES_ERROR;
				GCC_WARN_UNDECLARED_SELECTOR = YES;
				GCC_WARN_UNINITIALIZED_AUTOS = YES_AGGRESSIVE;
				GCC_WARN_UNUSED_FUNCTION = YES;
				GCC_WARN_UNUSED_VARIABLE = YES;
				IPHONEOS_DEPLOYMENT_TARGET = 17.2;
				LOCALIZATION_PREFERS_STRING_CATALOGS = YES;
				MTL_ENABLE_DEBUG_INFO = INCLUDE_SOURCE;
				MTL_FAST_MATH = YES;
				ONLY_ACTIVE_ARCH = YES;
				SDKROOT = iphoneos;
				SWIFT_ACTIVE_COMPILATION_CONDITIONS = "DEBUG $(inherited)";
				SWIFT_OPTIMIZATION_LEVEL = "-Onone";
			};
			name = Debug;
		};
		3874D6FE2C6A4E1B00EA137D /* Release */ = {
			isa = XCBuildConfiguration;
			buildSettings = {
				ALWAYS_SEARCH_USER_PATHS = NO;
				ASSETCATALOG_COMPILER_GENERATE_SWIFT_ASSET_SYMBOL_EXTENSIONS = YES;
				CLANG_ANALYZER_NONNULL = YES;
				CLANG_ANALYZER_NUMBER_OBJECT_CONVERSION = YES_AGGRESSIVE;
				CLANG_CXX_LANGUAGE_STANDARD = "gnu++20";
				CLANG_ENABLE_MODULES = YES;
				CLANG_ENABLE_OBJC_ARC = YES;
				CLANG_ENABLE_OBJC_WEAK = YES;
				CLANG_WARN_BLOCK_CAPTURE_AUTORELEASING = YES;
				CLANG_WARN_BOOL_CONVERSION = YES;
				CLANG_WARN_COMMA = YES;
				CLANG_WARN_CONSTANT_CONVERSION = YES;
				CLANG_WARN_DEPRECATED_OBJC_IMPLEMENTATIONS = YES;
				CLANG_WARN_DIRECT_OBJC_ISA_USAGE = YES_ERROR;
				CLANG_WARN_DOCUMENTATION_COMMENTS = YES;
				CLANG_WARN_EMPTY_BODY = YES;
				CLANG_WARN_ENUM_CONVERSION = YES;
				CLANG_WARN_INFINITE_RECURSION = YES;
				CLANG_WARN_INT_CONVERSION = YES;
				CLANG_WARN_NON_LITERAL_NULL_CONVERSION = YES;
				CLANG_WARN_OBJC_IMPLICIT_RETAIN_SELF = YES;
				CLANG_WARN_OBJC_LITERAL_CONVERSION = YES;
				CLANG_WARN_OBJC_ROOT_CLASS = YES_ERROR;
				CLANG_WARN_QUOTED_INCLUDE_IN_FRAMEWORK_HEADER = YES;
				CLANG_WARN_RANGE_LOOP_ANALYSIS = YES;
				CLANG_WARN_STRICT_PROTOTYPES = YES;
				CLANG_WARN_SUSPICIOUS_MOVE = YES;
				CLANG_WARN_UNGUARDED_AVAILABILITY = YES_AGGRESSIVE;
				CLANG_WARN_UNREACHABLE_CODE = YES;
				CLANG_WARN__DUPLICATE_METHOD_MATCH = YES;
				COPY_PHASE_STRIP = NO;
				DEBUG_INFORMATION_FORMAT = "dwarf-with-dsym";
				ENABLE_NS_ASSERTIONS = NO;
				ENABLE_STRICT_OBJC_MSGSEND = YES;
				ENABLE_USER_SCRIPT_SANDBOXING = YES;
				GCC_C_LANGUAGE_STANDARD = gnu17;
				GCC_NO_COMMON_BLOCKS = YES;
				GCC_WARN_64_TO_32_BIT_CONVERSION = YES;
				GCC_WARN_ABOUT_RETURN_TYPE = YES_ERROR;
				GCC_WARN_UNDECLARED_SELECTOR = YES;
				GCC_WARN_UNINITIALIZED_AUTOS = YES_AGGRESSIVE;
				GCC_WARN_UNUSED_FUNCTION = YES;
				GCC_WARN_UNUSED_VARIABLE = YES;
				IPHONEOS_DEPLOYMENT_TARGET = 17.2;
				LOCALIZATION_PREFERS_STRING_CATALOGS = YES;
				MTL_ENABLE_DEBUG_INFO = NO;
				MTL_FAST_MATH = YES;
				SDKROOT = iphoneos;
				SWIFT_COMPILATION_MODE = wholemodule;
				VALIDATE_PRODUCT = YES;
			};
			name = Release;
		};
		3874D7002C6A4E1B00EA137D /* Debug */ = {
			isa = XCBuildConfiguration;
			buildSettings = {
				ASSETCATALOG_COMPILER_APPICON_NAME = AppIcon;
				ASSETCATALOG_COMPILER_GLOBAL_ACCENT_COLOR_NAME = AccentColor;
				CODE_SIGN_STYLE = Automatic;
				CURRENT_PROJECT_VERSION = 1;
				GENERATE_INFOPLIST_FILE = YES;
				INFOPLIST_FILE = firstapp/Info.plist;
				INFOPLIST_KEY_UIApplicationSupportsIndirectInputEvents = YES;
				INFOPLIST_KEY_UILaunchStoryboardName = LaunchScreen;
				INFOPLIST_KEY_UIMainStoryboardFile = Main;
				INFOPLIST_KEY_UISupportedInterfaceOrientations_iPad = "UIInterfaceOrientationPortrait UIInterfaceOrientationPortraitUpsideDown UIInterfaceOrientationLandscapeLeft UIInterfaceOrientationLandscapeRight";
				INFOPLIST_KEY_UISupportedInterfaceOrientations_iPhone = "UIInterfaceOrientationPortrait UIInterfaceOrientationLandscapeLeft UIInterfaceOrientationLandscapeRight";
				LD_RUNPATH_SEARCH_PATHS = (
					"$(inherited)",
					"@executable_path/Frameworks",
				);
				MARKETING_VERSION = 1.0;
				PRODUCT_BUNDLE_IDENTIFIER = D.firstapp;
				PRODUCT_NAME = "$(TARGET_NAME)";
				SWIFT_EMIT_LOC_STRINGS = YES;
				SWIFT_VERSION = 5.0;
				TARGETED_DEVICE_FAMILY = "1,2";
			};
			name = Debug;
		};
		3874D7012C6A4E1B00EA137D /* Release */ = {
			isa = XCBuildConfiguration;
			buildSettings = {
				ASSETCATALOG_COMPILER_APPICON_NAME = AppIcon;
				ASSETCATALOG_COMPILER_GLOBAL_ACCENT_COLOR_NAME = AccentColor;
				CODE_SIGN_STYLE = Automatic;
				CURRENT_PROJECT_VERSION = 1;
				GENERATE_INFOPLIST_FILE = YES;
				INFOPLIST_FILE = firstapp/Info.plist;
				INFOPLIST_KEY_UIApplicationSupportsIndirectInputEvents = YES;
				INFOPLIST_KEY_UILaunchStoryboardName = LaunchScreen;
				INFOPLIST_KEY_UIMainStoryboardFile = Main;
				INFOPLIST_KEY_UISupportedInterfaceOrientations_iPad = "UIInterfaceOrientationPortrait UIInterfaceOrientationPortraitUpsideDown UIInterfaceOrientationLandscapeLeft UIInterfaceOrientationLandscapeRight";
				INFOPLIST_KEY_UISupportedInterfaceOrientations_iPhone = "UIInterfaceOrientationPortrait UIInterfaceOrientationLandscapeLeft UIInterfaceOrientationLandscapeRight";
				LD_RUNPATH_SEARCH_PATHS = (
					"$(inherited)",
					"@executable_path/Frameworks",
				);
				MARKETING_VERSION = 1.0;
				PRODUCT_BUNDLE_IDENTIFIER = D.firstapp;
				PRODUCT_NAME = "$(TARGET_NAME)";
				SWIFT_EMIT_LOC_STRINGS = YES;
				SWIFT_VERSION = 5.0;
				TARGETED_DEVICE_FAMILY = "1,2";
			};
			name = Release;
		};
		3874D7032C6A4E1B00EA137D /* Debug */ = {
			isa = XCBuildConfiguration;
			buildSettings = {
				ALWAYS_EMBED_SWIFT_STANDARD_LIBRARIES = YES;
				BUNDLE_LOADER = "$(TEST_HOST)";
				CODE_SIGN_STYLE = Automatic;
				CURRENT_PROJECT_VERSION = 1;
				GENERATE_INFOPLIST_FILE = YES;
				IPHONEOS_DEPLOYMENT_TARGET = 17.2;
				MARKETING_VERSION = 1.0;
				PRODUCT_BUNDLE_IDENTIFIER = D.firstappTests;
				PRODUCT_NAME = "$(TARGET_NAME)";
				SWIFT_EMIT_LOC_STRINGS = NO;
				SWIFT_VERSION = 5.0;
				TARGETED_DEVICE_FAMILY = "1,2";
				TEST_HOST = "$(BUILT_PRODUCTS_DIR)/firstapp.app/$(BUNDLE_EXECUTABLE_FOLDER_PATH)/firstapp";
			};
			name = Debug;
		};
		3874D7042C6A4E1B00EA137D /* Release */ = {
			isa = XCBuildConfiguration;
			buildSettings = {
				ALWAYS_EMBED_SWIFT_STANDARD_LIBRARIES = YES;
				BUNDLE_LOADER = "$(TEST_HOST)";
				CODE_SIGN_STYLE = Automatic;
				CURRENT_PROJECT_VERSION = 1;
				GENERATE_INFOPLIST_FILE = YES;
				IPHONEOS_DEPLOYMENT_TARGET = 17.2;
				MARKETING_VERSION = 1.0;
				PRODUCT_BUNDLE_IDENTIFIER = D.firstappTests;
				PRODUCT_NAME = "$(TARGET_NAME)";
				SWIFT_EMIT_LOC_STRINGS = NO;
				SWIFT_VERSION = 5.0;
				TARGETED_DEVICE_FAMILY = "1,2";
				TEST_HOST = "$(BUILT_PRODUCTS_DIR)/firstapp.app/$(BUNDLE_EXECUTABLE_FOLDER_PATH)/firstapp";
			};
			name = Release;
		};
		3874D7062C6A4E1B00EA137D /* Debug */ = {
			isa = XCBuildConfiguration;
			buildSettings = {
				ALWAYS_EMBED_SWIFT_STANDARD_LIBRARIES = YES;
				CODE_SIGN_STYLE = Automatic;
				CURRENT_PROJECT_VERSION = 1;
				GENERATE_INFOPLIST_FILE = YES;
				MARKETING_VERSION = 1.0;
				PRODUCT_BUNDLE_IDENTIFIER = D.firstappUITests;
				PRODUCT_NAME = "$(TARGET_NAME)";
				SWIFT_EMIT_LOC_STRINGS = NO;
				SWIFT_VERSION = 5.0;
				TARGETED_DEVICE_FAMILY = "1,2";
				TEST_TARGET_NAME = firstapp;
			};
			name = Debug;
		};
		3874D7072C6A4E1B00EA137D /* Release */ = {
			isa = XCBuildConfiguration;
			buildSettings = {
				ALWAYS_EMBED_SWIFT_STANDARD_LIBRARIES = YES;
				CODE_SIGN_STYLE = Automatic;
				CURRENT_PROJECT_VERSION = 1;
				GENERATE_INFOPLIST_FILE = YES;
				MARKETING_VERSION = 1.0;
				PRODUCT_BUNDLE_IDENTIFIER = D.firstappUITests;
				PRODUCT_NAME = "$(TARGET_NAME)";
				SWIFT_EMIT_LOC_STRINGS = NO;
				SWIFT_VERSION = 5.0;
				TARGETED_DEVICE_FAMILY = "1,2";
				TEST_TARGET_NAME = firstapp;
			};
			name = Release;
		};
/* End XCBuildConfiguration section */

/* Begin XCConfigurationList section */
		3874D6CD2C6A4E0B00EA137D /* Build configuration list for PBXProject "firstapp" */ = {
			isa = XCConfigurationList;
			buildConfigurations = (
				3874D6FD2C6A4E1B00EA137D /* Debug */,
				3874D6FE2C6A4E1B00EA137D /* Release */,
			);
			defaultConfigurationIsVisible = 0;
			defaultConfigurationName = Release;
		};
		3874D6FF2C6A4E1B00EA137D /* Build configuration list for PBXNativeTarget "firstapp" */ = {
			isa = XCConfigurationList;
			buildConfigurations = (
				3874D7002C6A4E1B00EA137D /* Debug */,
				3874D7012C6A4E1B00EA137D /* Release */,
			);
			defaultConfigurationIsVisible = 0;
			defaultConfigurationName = Release;
		};
		3874D7022C6A4E1B00EA137D /* Build configuration list for PBXNativeTarget "firstappTests" */ = {
			isa = XCConfigurationList;
			buildConfigurations = (
				3874D7032C6A4E1B00EA137D /* Debug */,
				3874D7042C6A4E1B00EA137D /* Release */,
			);
			defaultConfigurationIsVisible = 0;
			defaultConfigurationName = Release;
		};
		3874D7052C6A4E1B00EA137D /* Build configuration list for PBXNativeTarget "firstappUITests" */ = {
			isa = XCConfigurationList;
			buildConfigurations = (
				3874D7062C6A4E1B00EA137D /* Debug */,
				3874D7072C6A4E1B00EA137D /* Release */,
			);
			defaultConfigurationIsVisible = 0;
			defaultConfigurationName = Release;
		};
/* End XCConfigurationList section */

/* Begin XCVersionGroup section */
		3874D6DE2C6A4E0D00EA137D /* firstapp.xcdatamodeld */ = {
			isa = XCVersionGroup;
			children = (
				3874D6DF2C6A4E0D00EA137D /* firstapp.xcdatamodel */,
			);
			currentVersion = 3874D6DF2C6A4E0D00EA137D /* firstapp.xcdatamodel */;
			path = firstapp.xcdatamodeld;
			sourceTree = "<group>";
			versionGroupType = wrapper.xcdatamodel;
		};
/* End XCVersionGroup section */
	};
	rootObject = 3874D6CA2C6A4E0B00EA137D /* Project object */;
}
